
Microsoft Visual Studio Solution File, Format Version 12.00
# Visual Studio 15
VisualStudioVersion = 15.0.28010.2046
MinimumVisualStudioVersion = 10.0.40219.1
Project("{FAE04EC0-301F-11D3-BF4B-00C04F79EFBC}") = "OliviasBank", "OliviasBank\OliviasBank.csproj", "{3FDCB66E-6782-408D-B45B-952E51D45EEA}"
EndProject
Project("{2150E333-8FDC-42A3-9474-1A3956D46DE8}") = "Solution Items", "Solution Items", "{CB3A7B04-8D82-4C4E-8947-16FF22D65827}"
	ProjectSection(SolutionItems) = preProject
		README.md = README.md
	EndProjectSection
EndProject
Project("{FAE04EC0-301F-11D3-BF4B-00C04F79EFBC}") = "OliviasBank.Tests", "OliviasBank.Tests\OliviasBank.Tests.csproj", "{AF17AF35-90BF-4FD7-A1E5-A8794B63F0E3}"
EndProject
Global
	GlobalSection(SolutionConfigurationPlatforms) = preSolution
		Debug|Any CPU = Debug|Any CPU
		Release|Any CPU = Release|Any CPU
	EndGlobalSection
	GlobalSection(ProjectConfigurationPlatforms) = postSolution
		{3FDCB66E-6782-408D-B45B-952E51D45EEA}.Debug|Any CPU.ActiveCfg = Debug|Any CPU
		{3FDCB66E-6782-408D-B45B-952E51D45EEA}.Debug|Any CPU.Build.0 = Debug|Any CPU
		{3FDCB66E-6782-408D-B45B-952E51D45EEA}.Release|Any CPU.ActiveCfg = Release|Any CPU
		{3FDCB66E-6782-408D-B45B-952E51D45EEA}.Release|Any CPU.Build.0 = Release|Any CPU
		{AF17AF35-90BF-4FD7-A1E5-A8794B63F0E3}.Debug|Any CPU.ActiveCfg = Debug|Any CPU
		{AF17AF35-90BF-4FD7-A1E5-A8794B63F0E3}.Debug|Any CPU.Build.0 = Debug|Any CPU
		{AF17AF35-90BF-4FD7-A1E5-A8794B63F0E3}.Release|Any CPU.ActiveCfg = Release|Any CPU
		{AF17AF35-90BF-4FD7-A1E5-A8794B63F0E3}.Release|Any CPU.Build.0 = Release|Any CPU
	EndGlobalSection
	GlobalSection(SolutionProperties) = preSolution
		HideSolutionNode = FALSE
	EndGlobalSection
	GlobalSection(ExtensibilityGlobals) = postSolution
		SolutionGuid = {10350B9F-2CCD-4A2B-B46B-DCD5BB8EC18D}
	EndGlobalSection
EndGlobal
